// !$*UTF8*$!
{
	archiveVersion = 1;
	classes = {
	};
	objectVersion = 50;
	objects = {

/* Begin PBXBuildFile section */
		5EF9035920B6FBE600649FF2 /* AppDelegate.swift in Sources */ = {isa = PBXBuildFile; fileRef = 5EF9035820B6FBE600649FF2 /* AppDelegate.swift */; };
		5EF9035B20B6FBE600649FF2 /* ViewController.swift in Sources */ = {isa = PBXBuildFile; fileRef = 5EF9035A20B6FBE600649FF2 /* ViewController.swift */; };
		5EF9035E20B6FBE600649FF2 /* Main.storyboard in Resources */ = {isa = PBXBuildFile; fileRef = 5EF9035C20B6FBE600649FF2 /* Main.storyboard */; };
		5EF9036020B6FBE700649FF2 /* Assets.xcassets in Resources */ = {isa = PBXBuildFile; fileRef = 5EF9035F20B6FBE700649FF2 /* Assets.xcassets */; };
		5EF9036320B6FBE700649FF2 /* LaunchScreen.storyboard in Resources */ = {isa = PBXBuildFile; fileRef = 5EF9036120B6FBE700649FF2 /* LaunchScreen.storyboard */; };
		5EF9036E20B6FBE700649FF2 /* HeroesAndVillainsTests.swift in Sources */ = {isa = PBXBuildFile; fileRef = 5EF9036D20B6FBE700649FF2 /* HeroesAndVillainsTests.swift */; };
		5EF9037920B6FBE700649FF2 /* HeroesAndVillainsUITests.swift in Sources */ = {isa = PBXBuildFile; fileRef = 5EF9037820B6FBE700649FF2 /* HeroesAndVillainsUITests.swift */; };
/* End PBXBuildFile section */

/* Begin PBXContainerItemProxy section */
		5EF9036A20B6FBE700649FF2 /* PBXContainerItemProxy */ = {
			isa = PBXContainerItemProxy;
			containerPortal = 5EF9034D20B6FBE600649FF2 /* Project object */;
			proxyType = 1;
			remoteGlobalIDString = 5EF9035420B6FBE600649FF2;
			remoteInfo = HeroesAndVillains;
		};
		5EF9037520B6FBE700649FF2 /* PBXContainerItemProxy */ = {
			isa = PBXContainerItemProxy;
			containerPortal = 5EF9034D20B6FBE600649FF2 /* Project object */;
			proxyType = 1;
			remoteGlobalIDString = 5EF9035420B6FBE600649FF2;
			remoteInfo = HeroesAndVillains;
		};
/* End PBXContainerItemProxy section */

/* Begin PBXFileReference section */
		5EF9035520B6FBE600649FF2 /* HeroesAndVillains.app */ = {isa = PBXFileReference; explicitFileType = wrapper.application; includeInIndex = 0; path = HeroesAndVillains.app; sourceTree = BUILT_PRODUCTS_DIR; };
		5EF9035820B6FBE600649FF2 /* AppDelegate.swift */ = {isa = PBXFileReference; lastKnownFileType = sourcecode.swift; path = AppDelegate.swift; sourceTree = "<group>"; };
		5EF9035A20B6FBE600649FF2 /* ViewController.swift */ = {isa = PBXFileReference; lastKnownFileType = sourcecode.swift; path = ViewController.swift; sourceTree = "<group>"; };
		5EF9035D20B6FBE600649FF2 /* Base */ = {isa = PBXFileReference; lastKnownFileType = file.storyboard; name = Base; path = Base.lproj/Main.storyboard; sourceTree = "<group>"; };
		5EF9035F20B6FBE700649FF2 /* Assets.xcassets */ = {isa = PBXFileReference; lastKnownFileType = folder.assetcatalog; path = Assets.xcassets; sourceTree = "<group>"; };
		5EF9036220B6FBE700649FF2 /* Base */ = {isa = PBXFileReference; lastKnownFileType = file.storyboard; name = Base; path = Base.lproj/LaunchScreen.storyboard; sourceTree = "<group>"; };
		5EF9036420B6FBE700649FF2 /* Info.plist */ = {isa = PBXFileReference; lastKnownFileType = text.plist.xml; path = Info.plist; sourceTree = "<group>"; };
		5EF9036920B6FBE700649FF2 /* HeroesAndVillainsTests.xctest */ = {isa = PBXFileReference; explicitFileType = wrapper.cfbundle; includeInIndex = 0; path = HeroesAndVillainsTests.xctest; sourceTree = BUILT_PRODUCTS_DIR; };
		5EF9036D20B6FBE700649FF2 /* HeroesAndVillainsTests.swift */ = {isa = PBXFileReference; lastKnownFileType = sourcecode.swift; path = HeroesAndVillainsTests.swift; sourceTree = "<group>"; };
		5EF9036F20B6FBE700649FF2 /* Info.plist */ = {isa = PBXFileReference; lastKnownFileType = text.plist.xml; path = Info.plist; sourceTree = "<group>"; };
		5EF9037420B6FBE700649FF2 /* HeroesAndVillainsUITests.xctest */ = {isa = PBXFileReference; explicitFileType = wrapper.cfbundle; includeInIndex = 0; path = HeroesAndVillainsUITests.xctest; sourceTree = BUILT_PRODUCTS_DIR; };
		5EF9037820B6FBE700649FF2 /* HeroesAndVillainsUITests.swift */ = {isa = PBXFileReference; lastKnownFileType = sourcecode.swift; path = HeroesAndVillainsUITests.swift; sourceTree = "<group>"; };
		5EF9037A20B6FBE700649FF2 /* Info.plist */ = {isa = PBXFileReference; lastKnownFileType = text.plist.xml; path = Info.plist; sourceTree = "<group>"; };
/* End PBXFileReference section */

/* Begin PBXFrameworksBuildPhase section */
		5EF9035220B6FBE600649FF2 /* Frameworks */ = {
			isa = PBXFrameworksBuildPhase;
			buildActionMask = 2147483647;
			files = (
			);
			runOnlyForDeploymentPostprocessing = 0;
		};
		5EF9036620B6FBE700649FF2 /* Frameworks */ = {
			isa = PBXFrameworksBuildPhase;
			buildActionMask = 2147483647;
			files = (
			);
			runOnlyForDeploymentPostprocessing = 0;
		};
		5EF9037120B6FBE700649FF2 /* Frameworks */ = {
			isa = PBXFrameworksBuildPhase;
			buildActionMask = 2147483647;
			files = (
			);
			runOnlyForDeploymentPostprocessing = 0;
		};
/* End PBXFrameworksBuildPhase section */

/* Begin PBXGroup section */
		5EF9034C20B6FBE600649FF2 = {
			isa = PBXGroup;
			children = (
				5EF9035720B6FBE600649FF2 /* HeroesAndVillains */,
				5EF9036C20B6FBE700649FF2 /* HeroesAndVillainsTests */,
				5EF9037720B6FBE700649FF2 /* HeroesAndVillainsUITests */,
				5EF9035620B6FBE600649FF2 /* Products */,
			);
			sourceTree = "<group>";
		};
		5EF9035620B6FBE600649FF2 /* Products */ = {
			isa = PBXGroup;
			children = (
				5EF9035520B6FBE600649FF2 /* HeroesAndVillains.app */,
				5EF9036920B6FBE700649FF2 /* HeroesAndVillainsTests.xctest */,
				5EF9037420B6FBE700649FF2 /* HeroesAndVillainsUITests.xctest */,
			);
			name = Products;
			sourceTree = "<group>";
		};
		5EF9035720B6FBE600649FF2 /* HeroesAndVillains */ = {
			isa = PBXGroup;
			children = (
				5EF9035820B6FBE600649FF2 /* AppDelegate.swift */,
				5EF9035A20B6FBE600649FF2 /* ViewController.swift */,
				5EF9035C20B6FBE600649FF2 /* Main.storyboard */,
				5EF9035F20B6FBE700649FF2 /* Assets.xcassets */,
				5EF9036120B6FBE700649FF2 /* LaunchScreen.storyboard */,
				5EF9036420B6FBE700649FF2 /* Info.plist */,
			);
			path = HeroesAndVillains;
			sourceTree = "<group>";
		};
		5EF9036C20B6FBE700649FF2 /* HeroesAndVillainsTests */ = {
			isa = PBXGroup;
			children = (
				5EF9036D20B6FBE700649FF2 /* HeroesAndVillainsTests.swift */,
				5EF9036F20B6FBE700649FF2 /* Info.plist */,
			);
			path = HeroesAndVillainsTests;
			sourceTree = "<group>";
		};
		5EF9037720B6FBE700649FF2 /* HeroesAndVillainsUITests */ = {
			isa = PBXGroup;
			children = (
				5EF9037820B6FBE700649FF2 /* HeroesAndVillainsUITests.swift */,
				5EF9037A20B6FBE700649FF2 /* Info.plist */,
			);
			path = HeroesAndVillainsUITests;
			sourceTree = "<group>";
		};
/* End PBXGroup section */

/* Begin PBXNativeTarget section */
		5EF9035420B6FBE600649FF2 /* HeroesAndVillains */ = {
			isa = PBXNativeTarget;
			buildConfigurationList = 5EF9037D20B6FBE700649FF2 /* Build configuration list for PBXNativeTarget "HeroesAndVillains" */;
			buildPhases = (
				5EF9035120B6FBE600649FF2 /* Sources */,
				5EF9035220B6FBE600649FF2 /* Frameworks */,
				5EF9035320B6FBE600649FF2 /* Resources */,
			);
			buildRules = (
			);
			dependencies = (
			);
			name = HeroesAndVillains;
			productName = HeroesAndVillains;
			productReference = 5EF9035520B6FBE600649FF2 /* HeroesAndVillains.app */;
			productType = "com.apple.product-type.application";
		};
		5EF9036820B6FBE700649FF2 /* HeroesAndVillainsTests */ = {
			isa = PBXNativeTarget;
			buildConfigurationList = 5EF9038020B6FBE700649FF2 /* Build configuration list for PBXNativeTarget "HeroesAndVillainsTests" */;
			buildPhases = (
				5EF9036520B6FBE700649FF2 /* Sources */,
				5EF9036620B6FBE700649FF2 /* Frameworks */,
				5EF9036720B6FBE700649FF2 /* Resources */,
			);
			buildRules = (
			);
			dependencies = (
				5EF9036B20B6FBE700649FF2 /* PBXTargetDependency */,
			);
			name = HeroesAndVillainsTests;
			productName = HeroesAndVillainsTests;
			productReference = 5EF9036920B6FBE700649FF2 /* HeroesAndVillainsTests.xctest */;
			productType = "com.apple.product-type.bundle.unit-test";
		};
		5EF9037320B6FBE700649FF2 /* HeroesAndVillainsUITests */ = {
			isa = PBXNativeTarget;
			buildConfigurationList = 5EF9038320B6FBE700649FF2 /* Build configuration list for PBXNativeTarget "HeroesAndVillainsUITests" */;
			buildPhases = (
				5EF9037020B6FBE700649FF2 /* Sources */,
				5EF9037120B6FBE700649FF2 /* Frameworks */,
				5EF9037220B6FBE700649FF2 /* Resources */,
			);
			buildRules = (
			);
			dependencies = (
				5EF9037620B6FBE700649FF2 /* PBXTargetDependency */,
			);
			name = HeroesAndVillainsUITests;
			productName = HeroesAndVillainsUITests;
			productReference = 5EF9037420B6FBE700649FF2 /* HeroesAndVillainsUITests.xctest */;
			productType = "com.apple.product-type.bundle.ui-testing";
		};
/* End PBXNativeTarget section */

/* Begin PBXProject section */
		5EF9034D20B6FBE600649FF2 /* Project object */ = {
			isa = PBXProject;
			attributes = {
				LastSwiftUpdateCheck = 0930;
				LastUpgradeCheck = 0930;
				ORGANIZATIONNAME = "Christian Riboldi";
				TargetAttributes = {
					5EF9035420B6FBE600649FF2 = {
						CreatedOnToolsVersion = 9.3.1;
					};
					5EF9036820B6FBE700649FF2 = {
						CreatedOnToolsVersion = 9.3.1;
						TestTargetID = 5EF9035420B6FBE600649FF2;
					};
					5EF9037320B6FBE700649FF2 = {
						CreatedOnToolsVersion = 9.3.1;
						TestTargetID = 5EF9035420B6FBE600649FF2;
					};
				};
			};
			buildConfigurationList = 5EF9035020B6FBE600649FF2 /* Build configuration list for PBXProject "HeroesAndVillains" */;
			compatibilityVersion = "Xcode 9.3";
			developmentRegion = en;
			hasScannedForEncodings = 0;
			knownRegions = (
				en,
				Base,
			);
			mainGroup = 5EF9034C20B6FBE600649FF2;
			productRefGroup = 5EF9035620B6FBE600649FF2 /* Products */;
			projectDirPath = "";
			projectRoot = "";
			targets = (
				5EF9035420B6FBE600649FF2 /* HeroesAndVillains */,
				5EF9036820B6FBE700649FF2 /* HeroesAndVillainsTests */,
				5EF9037320B6FBE700649FF2 /* HeroesAndVillainsUITests */,
			);
		};
/* End PBXProject section */

/* Begin PBXResourcesBuildPhase section */
		5EF9035320B6FBE600649FF2 /* Resources */ = {
			isa = PBXResourcesBuildPhase;
			buildActionMask = 2147483647;
			files = (
				5EF9036320B6FBE700649FF2 /* LaunchScreen.storyboard in Resources */,
				5EF9036020B6FBE700649FF2 /* Assets.xcassets in Resources */,
				5EF9035E20B6FBE600649FF2 /* Main.storyboard in Resources */,
			);
			runOnlyForDeploymentPostprocessing = 0;
		};
		5EF9036720B6FBE700649FF2 /* Resources */ = {
			isa = PBXResourcesBuildPhase;
			buildActionMask = 2147483647;
			files = (
			);
			runOnlyForDeploymentPostprocessing = 0;
		};
		5EF9037220B6FBE700649FF2 /* Resources */ = {
			isa = PBXResourcesBuildPhase;
			buildActionMask = 2147483647;
			files = (
			);
			runOnlyForDeploymentPostprocessing = 0;
		};
/* End PBXResourcesBuildPhase section */

/* Begin PBXSourcesBuildPhase section */
		5EF9035120B6FBE600649FF2 /* Sources */ = {
			isa = PBXSourcesBuildPhase;
			buildActionMask = 2147483647;
			files = (
				5EF9035B20B6FBE600649FF2 /* ViewController.swift in Sources */,
				5EF9035920B6FBE600649FF2 /* AppDelegate.swift in Sources */,
			);
			runOnlyForDeploymentPostprocessing = 0;
		};
		5EF9036520B6FBE700649FF2 /* Sources */ = {
			isa = PBXSourcesBuildPhase;
			buildActionMask = 2147483647;
			files = (
				5EF9036E20B6FBE700649FF2 /* HeroesAndVillainsTests.swift in Sources */,
			);
			runOnlyForDeploymentPostprocessing = 0;
		};
		5EF9037020B6FBE700649FF2 /* Sources */ = {
			isa = PBXSourcesBuildPhase;
			buildActionMask = 2147483647;
			files = (
				5EF9037920B6FBE700649FF2 /* HeroesAndVillainsUITests.swift in Sources */,
			);
			runOnlyForDeploymentPostprocessing = 0;
		};
/* End PBXSourcesBuildPhase section */

/* Begin PBXTargetDependency section */
		5EF9036B20B6FBE700649FF2 /* PBXTargetDependency */ = {
			isa = PBXTargetDependency;
			target = 5EF9035420B6FBE600649FF2 /* HeroesAndVillains */;
			targetProxy = 5EF9036A20B6FBE700649FF2 /* PBXContainerItemProxy */;
		};
		5EF9037620B6FBE700649FF2 /* PBXTargetDependency */ = {
			isa = PBXTargetDependency;
			target = 5EF9035420B6FBE600649FF2 /* HeroesAndVillains */;
			targetProxy = 5EF9037520B6FBE700649FF2 /* PBXContainerItemProxy */;
		};
/* End PBXTargetDependency section */

/* Begin PBXVariantGroup section */
		5EF9035C20B6FBE600649FF2 /* Main.storyboard */ = {
			isa = PBXVariantGroup;
			children = (
				5EF9035D20B6FBE600649FF2 /* Base */,
			);
			name = Main.storyboard;
			sourceTree = "<group>";
		};
		5EF9036120B6FBE700649FF2 /* LaunchScreen.storyboard */ = {
			isa = PBXVariantGroup;
			children = (
				5EF9036220B6FBE700649FF2 /* Base */,
			);
			name = LaunchScreen.storyboard;
			sourceTree = "<group>";
		};
/* End PBXVariantGroup section */

/* Begin XCBuildConfiguration section */
		5EF9037B20B6FBE700649FF2 /* Debug */ = {
			isa = XCBuildConfiguration;
			buildSettings = {
				ALWAYS_SEARCH_USER_PATHS = NO;
				CLANG_ANALYZER_NONNULL = YES;
				CLANG_ANALYZER_NUMBER_OBJECT_CONVERSION = YES_AGGRESSIVE;
				CLANG_CXX_LANGUAGE_STANDARD = "gnu++14";
				CLANG_CXX_LIBRARY = "libc++";
				CLANG_ENABLE_MODULES = YES;
				CLANG_ENABLE_OBJC_ARC = YES;
				CLANG_ENABLE_OBJC_WEAK = YES;
				CLANG_WARN_BLOCK_CAPTURE_AUTORELEASING = YES;
				CLANG_WARN_BOOL_CONVERSION = YES;
				CLANG_WARN_COMMA = YES;
				CLANG_WARN_CONSTANT_CONVERSION = YES;
				CLANG_WARN_DEPRECATED_OBJC_IMPLEMENTATIONS = YES;
				CLANG_WARN_DIRECT_OBJC_ISA_USAGE = YES_ERROR;
				CLANG_WARN_DOCUMENTATION_COMMENTS = YES;
				CLANG_WARN_EMPTY_BODY = YES;
				CLANG_WARN_ENUM_CONVERSION = YES;
				CLANG_WARN_INFINITE_RECURSION = YES;
				CLANG_WARN_INT_CONVERSION = YES;
				CLANG_WARN_NON_LITERAL_NULL_CONVERSION = YES;
				CLANG_WARN_OBJC_IMPLICIT_RETAIN_SELF = YES;
				CLANG_WARN_OBJC_LITERAL_CONVERSION = YES;
				CLANG_WARN_OBJC_ROOT_CLASS = YES_ERROR;
				CLANG_WARN_RANGE_LOOP_ANALYSIS = YES;
				CLANG_WARN_STRICT_PROTOTYPES = YES;
				CLANG_WARN_SUSPICIOUS_MOVE = YES;
				CLANG_WARN_UNGUARDED_AVAILABILITY = YES_AGGRESSIVE;
				CLANG_WARN_UNREACHABLE_CODE = YES;
				CLANG_WARN__DUPLICATE_METHOD_MATCH = YES;
				CODE_SIGN_IDENTITY = "iPhone Developer";
				COPY_PHASE_STRIP = NO;
				DEBUG_INFORMATION_FORMAT = dwarf;
				ENABLE_STRICT_OBJC_MSGSEND = YES;
				ENABLE_TESTABILITY = YES;
				GCC_C_LANGUAGE_STANDARD = gnu11;
				GCC_DYNAMIC_NO_PIC = NO;
				GCC_NO_COMMON_BLOCKS = YES;
				GCC_OPTIMIZATION_LEVEL = 0;
				GCC_PREPROCESSOR_DEFINITIONS = (
					"DEBUG=1",
					"$(inherited)",
				);
				GCC_WARN_64_TO_32_BIT_CONVERSION = YES;
				GCC_WARN_ABOUT_RETURN_TYPE = YES_ERROR;
				GCC_WARN_UNDECLARED_SELECTOR = YES;
				GCC_WARN_UNINITIALIZED_AUTOS = YES_AGGRESSIVE;
				GCC_WARN_UNUSED_FUNCTION = YES;
				GCC_WARN_UNUSED_VARIABLE = YES;
				IPHONEOS_DEPLOYMENT_TARGET = 11.3;
				MTL_ENABLE_DEBUG_INFO = YES;
				ONLY_ACTIVE_ARCH = YES;
				SDKROOT = iphoneos;
				SWIFT_ACTIVE_COMPILATION_CONDITIONS = DEBUG;
				SWIFT_OPTIMIZATION_LEVEL = "-Onone";
			};
			name = Debug;
		};
		5EF9037C20B6FBE700649FF2 /* Release */ = {
			isa = XCBuildConfiguration;
			buildSettings = {
				ALWAYS_SEARCH_USER_PATHS = NO;
				CLANG_ANALYZER_NONNULL = YES;
				CLANG_ANALYZER_NUMBER_OBJECT_CONVERSION = YES_AGGRESSIVE;
				CLANG_CXX_LANGUAGE_STANDARD = "gnu++14";
				CLANG_CXX_LIBRARY = "libc++";
				CLANG_ENABLE_MODULES = YES;
				CLANG_ENABLE_OBJC_ARC = YES;
				CLANG_ENABLE_OBJC_WEAK = YES;
				CLANG_WARN_BLOCK_CAPTURE_AUTORELEASING = YES;
				CLANG_WARN_BOOL_CONVERSION = YES;
				CLANG_WARN_COMMA = YES;
				CLANG_WARN_CONSTANT_CONVERSION = YES;
				CLANG_WARN_DEPRECATED_OBJC_IMPLEMENTATIONS = YES;
				CLANG_WARN_DIRECT_OBJC_ISA_USAGE = YES_ERROR;
				CLANG_WARN_DOCUMENTATION_COMMENTS = YES;
				CLANG_WARN_EMPTY_BODY = YES;
				CLANG_WARN_ENUM_CONVERSION = YES;
				CLANG_WARN_INFINITE_RECURSION = YES;
				CLANG_WARN_INT_CONVERSION = YES;
				CLANG_WARN_NON_LITERAL_NULL_CONVERSION = YES;
				CLANG_WARN_OBJC_IMPLICIT_RETAIN_SELF = YES;
				CLANG_WARN_OBJC_LITERAL_CONVERSION = YES;
				CLANG_WARN_OBJC_ROOT_CLASS = YES_ERROR;
				CLANG_WARN_RANGE_LOOP_ANALYSIS = YES;
				CLANG_WARN_STRICT_PROTOTYPES = YES;
				CLANG_WARN_SUSPICIOUS_MOVE = YES;
				CLANG_WARN_UNGUARDED_AVAILABILITY = YES_AGGRESSIVE;
				CLANG_WARN_UNREACHABLE_CODE = YES;
				CLANG_WARN__DUPLICATE_METHOD_MATCH = YES;
				CODE_SIGN_IDENTITY = "iPhone Developer";
				COPY_PHASE_STRIP = NO;
				DEBUG_INFORMATION_FORMAT = "dwarf-with-dsym";
				ENABLE_NS_ASSERTIONS = NO;
				ENABLE_STRICT_OBJC_MSGSEND = YES;
				GCC_C_LANGUAGE_STANDARD = gnu11;
				GCC_NO_COMMON_BLOCKS = YES;
				GCC_WARN_64_TO_32_BIT_CONVERSION = YES;
				GCC_WARN_ABOUT_RETURN_TYPE = YES_ERROR;
				GCC_WARN_UNDECLARED_SELECTOR = YES;
				GCC_WARN_UNINITIALIZED_AUTOS = YES_AGGRESSIVE;
				GCC_WARN_UNUSED_FUNCTION = YES;
				GCC_WARN_UNUSED_VARIABLE = YES;
				IPHONEOS_DEPLOYMENT_TARGET = 11.3;
				MTL_ENABLE_DEBUG_INFO = NO;
				SDKROOT = iphoneos;
				SWIFT_COMPILATION_MODE = wholemodule;
				SWIFT_OPTIMIZATION_LEVEL = "-O";
				VALIDATE_PRODUCT = YES;
			};
			name = Release;
		};
		5EF9037E20B6FBE700649FF2 /* Debug */ = {
			isa = XCBuildConfiguration;
			buildSettings = {
				ASSETCATALOG_COMPILER_APPICON_NAME = AppIcon;
				CODE_SIGN_STYLE = Automatic;
				INFOPLIST_FILE = HeroesAndVillains/Info.plist;
				LD_RUNPATH_SEARCH_PATHS = (
					"$(inherited)",
					"@executable_path/Frameworks",
				);
				PRODUCT_BUNDLE_IDENTIFIER = com.christianriboldi.HeroesAndVillains;
				PRODUCT_NAME = "$(TARGET_NAME)";
				SWIFT_VERSION = 4.0;
				TARGETED_DEVICE_FAMILY = "1,2";
			};
			name = Debug;
		};
		5EF9037F20B6FBE700649FF2 /* Release */ = {
			isa = XCBuildConfiguration;
			buildSettings = {
				ASSETCATALOG_COMPILER_APPICON_NAME = AppIcon;
				CODE_SIGN_STYLE = Automatic;
				INFOPLIST_FILE = HeroesAndVillains/Info.plist;
				LD_RUNPATH_SEARCH_PATHS = (
					"$(inherited)",
					"@executable_path/Frameworks",
				);
				PRODUCT_BUNDLE_IDENTIFIER = com.christianriboldi.HeroesAndVillains;
				PRODUCT_NAME = "$(TARGET_NAME)";
				SWIFT_VERSION = 4.0;
				TARGETED_DEVICE_FAMILY = "1,2";
			};
			name = Release;
		};
		5EF9038120B6FBE700649FF2 /* Debug */ = {
			isa = XCBuildConfiguration;
			buildSettings = {
				ALWAYS_EMBED_SWIFT_STANDARD_LIBRARIES = YES;
				BUNDLE_LOADER = "$(TEST_HOST)";
				CODE_SIGN_STYLE = Automatic;
				INFOPLIST_FILE = HeroesAndVillainsTests/Info.plist;
				LD_RUNPATH_SEARCH_PATHS = (
					"$(inherited)",
					"@executable_path/Frameworks",
					"@loader_path/Frameworks",
				);
				PRODUCT_BUNDLE_IDENTIFIER = com.christianriboldi.HeroesAndVillainsTests;
				PRODUCT_NAME = "$(TARGET_NAME)";
				SWIFT_VERSION = 4.0;
				TARGETED_DEVICE_FAMILY = "1,2";
				TEST_HOST = "$(BUILT_PRODUCTS_DIR)/HeroesAndVillains.app/HeroesAndVillains";
			};
			name = Debug;
		};
		5EF9038220B6FBE700649FF2 /* Release */ = {
			isa = XCBuildConfiguration;
			buildSettings = {
				ALWAYS_EMBED_SWIFT_STANDARD_LIBRARIES = YES;
				BUNDLE_LOADER = "$(TEST_HOST)";
				CODE_SIGN_STYLE = Automatic;
				INFOPLIST_FILE = HeroesAndVillainsTests/Info.plist;
				LD_RUNPATH_SEARCH_PATHS = (
					"$(inherited)",
					"@executable_path/Frameworks",
					"@loader_path/Frameworks",
				);
				PRODUCT_BUNDLE_IDENTIFIER = com.christianriboldi.HeroesAndVillainsTests;
				PRODUCT_NAME = "$(TARGET_NAME)";
				SWIFT_VERSION = 4.0;
				TARGETED_DEVICE_FAMILY = "1,2";
				TEST_HOST = "$(BUILT_PRODUCTS_DIR)/HeroesAndVillains.app/HeroesAndVillains";
			};
			name = Release;
		};
		5EF9038420B6FBE700649FF2 /* Debug */ = {
			isa = XCBuildConfiguration;
			buildSettings = {
				ALWAYS_EMBED_SWIFT_STANDARD_LIBRARIES = YES;
				CODE_SIGN_STYLE = Automatic;
				INFOPLIST_FILE = HeroesAndVillainsUITests/Info.plist;
				LD_RUNPATH_SEARCH_PATHS = (
					"$(inherited)",
					"@executable_path/Frameworks",
					"@loader_path/Frameworks",
				);
				PRODUCT_BUNDLE_IDENTIFIER = com.christianriboldi.HeroesAndVillainsUITests;
				PRODUCT_NAME = "$(TARGET_NAME)";
				SWIFT_VERSION = 4.0;
				TARGETED_DEVICE_FAMILY = "1,2";
				TEST_TARGET_NAME = HeroesAndVillains;
			};
			name = Debug;
		};
		5EF9038520B6FBE700649FF2 /* Release */ = {
			isa = XCBuildConfiguration;
			buildSettings = {
				ALWAYS_EMBED_SWIFT_STANDARD_LIBRARIES = YES;
				CODE_SIGN_STYLE = Automatic;
				INFOPLIST_FILE = HeroesAndVillainsUITests/Info.plist;
				LD_RUNPATH_SEARCH_PATHS = (
					"$(inherited)",
					"@executable_path/Frameworks",
					"@loader_path/Frameworks",
				);
				PRODUCT_BUNDLE_IDENTIFIER = com.christianriboldi.HeroesAndVillainsUITests;
				PRODUCT_NAME = "$(TARGET_NAME)";
				SWIFT_VERSION = 4.0;
				TARGETED_DEVICE_FAMILY = "1,2";
				TEST_TARGET_NAME = HeroesAndVillains;
			};
			name = Release;
		};
/* End XCBuildConfiguration section */

/* Begin XCConfigurationList section */
		5EF9035020B6FBE600649FF2 /* Build configuration list for PBXProject "HeroesAndVillains" */ = {
			isa = XCConfigurationList;
			buildConfigurations = (
				5EF9037B20B6FBE700649FF2 /* Debug */,
				5EF9037C20B6FBE700649FF2 /* Release */,
			);
			defaultConfigurationIsVisible = 0;
			defaultConfigurationName = Release;
		};
		5EF9037D20B6FBE700649FF2 /* Build configuration list for PBXNativeTarget "HeroesAndVillains" */ = {
			isa = XCConfigurationList;
			buildConfigurations = (
				5EF9037E20B6FBE700649FF2 /* Debug */,
				5EF9037F20B6FBE700649FF2 /* Release */,
			);
			defaultConfigurationIsVisible = 0;
			defaultConfigurationName = Release;
		};
		5EF9038020B6FBE700649FF2 /* Build configuration list for PBXNativeTarget "HeroesAndVillainsTests" */ = {
			isa = XCConfigurationList;
			buildConfigurations = (
				5EF9038120B6FBE700649FF2 /* Debug */,
				5EF9038220B6FBE700649FF2 /* Release */,
			);
			defaultConfigurationIsVisible = 0;
			defaultConfigurationName = Release;
		};
		5EF9038320B6FBE700649FF2 /* Build configuration list for PBXNativeTarget "HeroesAndVillainsUITests" */ = {
			isa = XCConfigurationList;
			buildConfigurations = (
				5EF9038420B6FBE700649FF2 /* Debug */,
				5EF9038520B6FBE700649FF2 /* Release */,
			);
			defaultConfigurationIsVisible = 0;
			defaultConfigurationName = Release;
		};
/* End XCConfigurationList section */
	};
	rootObject = 5EF9034D20B6FBE600649FF2 /* Project object */;
}
